// !$*UTF8*$!
{
	archiveVersion = 1;
	classes = {
	};
	objectVersion = 56;
	objects = {

/* Begin PBXBuildFile section */
		7D070C1929CCB496004BD025 /* Counter.swift in Sources */ = {isa = PBXBuildFile; fileRef = 7D070C1829CCB496004BD025 /* Counter.swift */; };
		7D070C2229CEEC38004BD025 /* WordModel.swift in Sources */ = {isa = PBXBuildFile; fileRef = 7D070C2129CEEC38004BD025 /* WordModel.swift */; };
		7D070C2729CEF0D1004BD025 /* wordsEasy.txt in Resources */ = {isa = PBXBuildFile; fileRef = 7D070C2629CEF0D1004BD025 /* wordsEasy.txt */; };
		7D070C2B29CEF139004BD025 /* wordsHard.txt in Resources */ = {isa = PBXBuildFile; fileRef = 7D070C2829CEF139004BD025 /* wordsHard.txt */; };
		7D070C2C29CEF139004BD025 /* wordsMedium.txt in Resources */ = {isa = PBXBuildFile; fileRef = 7D070C2929CEF139004BD025 /* wordsMedium.txt */; };
		7D070C2D29CEF139004BD025 /* wordsExpert.txt in Resources */ = {isa = PBXBuildFile; fileRef = 7D070C2A29CEF139004BD025 /* wordsExpert.txt */; };
		7D070C2F29CEF578004BD025 /* Word.swift in Sources */ = {isa = PBXBuildFile; fileRef = 7D070C2E29CEF578004BD025 /* Word.swift */; };
		7D070C3129CEF5FE004BD025 /* FileHandler.swift in Sources */ = {isa = PBXBuildFile; fileRef = 7D070C3029CEF5FE004BD025 /* FileHandler.swift */; };
		7D070C3329CF0F9C004BD025 /* Player.swift in Sources */ = {isa = PBXBuildFile; fileRef = 7D070C3229CF0F9C004BD025 /* Player.swift */; };
		7D070C3729CF1FB5004BD025 /* CounterPopUpViewController.swift in Sources */ = {isa = PBXBuildFile; fileRef = 7D070C3629CF1FB5004BD025 /* CounterPopUpViewController.swift */; };
		7D070C3929CF1FFC004BD025 /* EndOfGamePopUpViewController.swift in Sources */ = {isa = PBXBuildFile; fileRef = 7D070C3829CF1FFC004BD025 /* EndOfGamePopUpViewController.swift */; };
		7D070C3D29CF3DFE004BD025 /* GameModeViewController.swift in Sources */ = {isa = PBXBuildFile; fileRef = 7D070C3C29CF3DFE004BD025 /* GameModeViewController.swift */; };
		7D070C4129CF4F03004BD025 /* UIViews.swift in Sources */ = {isa = PBXBuildFile; fileRef = 7D070C4029CF4F03004BD025 /* UIViews.swift */; };
		7D070C4929D03CD9004BD025 /* WordCell.swift in Sources */ = {isa = PBXBuildFile; fileRef = 7D070C4829D03CD9004BD025 /* WordCell.swift */; };
		7D21913A29D04824007FEEA0 /* AppGlobal.swift in Sources */ = {isa = PBXBuildFile; fileRef = 7D21913929D04824007FEEA0 /* AppGlobal.swift */; };
		7D21913C29D04FB8007FEEA0 /* GameModel.swift in Sources */ = {isa = PBXBuildFile; fileRef = 7D21913B29D04FB8007FEEA0 /* GameModel.swift */; };
		7D21914829D0B3AD007FEEA0 /* HighScoreViewController.swift in Sources */ = {isa = PBXBuildFile; fileRef = 7D21914729D0B3AD007FEEA0 /* HighScoreViewController.swift */; };
		7D21914A29D1D6DC007FEEA0 /* HighScorePageController.swift in Sources */ = {isa = PBXBuildFile; fileRef = 7D21914929D1D6DC007FEEA0 /* HighScorePageController.swift */; };
		7D21914C29D1E5E9007FEEA0 /* HighScoreCell.swift in Sources */ = {isa = PBXBuildFile; fileRef = 7D21914B29D1E5E9007FEEA0 /* HighScoreCell.swift */; };
		7D21914E29D20B12007FEEA0 /* SharedPreference.swift in Sources */ = {isa = PBXBuildFile; fileRef = 7D21914D29D20B12007FEEA0 /* SharedPreference.swift */; };
		7D21915029D215D7007FEEA0 /* HighScorePlayer.swift in Sources */ = {isa = PBXBuildFile; fileRef = 7D21914F29D215D7007FEEA0 /* HighScorePlayer.swift */; };
		7D21915229D221A9007FEEA0 /* HighScoreModel.swift in Sources */ = {isa = PBXBuildFile; fileRef = 7D21915129D221A9007FEEA0 /* HighScoreModel.swift */; };
		7D21915429D48630007FEEA0 /* CircularProgressView.swift in Sources */ = {isa = PBXBuildFile; fileRef = 7D21915329D48630007FEEA0 /* CircularProgressView.swift */; };
		7DB0703929C8ACBD0077929B /* AppDelegate.swift in Sources */ = {isa = PBXBuildFile; fileRef = 7DB0703829C8ACBD0077929B /* AppDelegate.swift */; };
		7DB0703B29C8ACBD0077929B /* SceneDelegate.swift in Sources */ = {isa = PBXBuildFile; fileRef = 7DB0703A29C8ACBD0077929B /* SceneDelegate.swift */; };
		7DB0704029C8ACBD0077929B /* Main.storyboard in Resources */ = {isa = PBXBuildFile; fileRef = 7DB0703E29C8ACBD0077929B /* Main.storyboard */; };
		7DB0704229C8ACBF0077929B /* Assets.xcassets in Resources */ = {isa = PBXBuildFile; fileRef = 7DB0704129C8ACBF0077929B /* Assets.xcassets */; };
		7DB0704529C8ACBF0077929B /* LaunchScreen.storyboard in Resources */ = {isa = PBXBuildFile; fileRef = 7DB0704329C8ACBF0077929B /* LaunchScreen.storyboard */; };
		7DB0705029C8ACBF0077929B /* TypeFastTests.swift in Sources */ = {isa = PBXBuildFile; fileRef = 7DB0704F29C8ACBF0077929B /* TypeFastTests.swift */; };
		7DB0705A29C8ACBF0077929B /* TypeFastUITests.swift in Sources */ = {isa = PBXBuildFile; fileRef = 7DB0705929C8ACBF0077929B /* TypeFastUITests.swift */; };
		7DB0705C29C8ACBF0077929B /* TypeFastUITestsLaunchTests.swift in Sources */ = {isa = PBXBuildFile; fileRef = 7DB0705B29C8ACBF0077929B /* TypeFastUITestsLaunchTests.swift */; };
		7DB0706B29C8AE4C0077929B /* LaunchScreenViewController.swift in Sources */ = {isa = PBXBuildFile; fileRef = 7DB0706A29C8AE4C0077929B /* LaunchScreenViewController.swift */; };
		7DB0707229C901AC0077929B /* SixtyModeViewController.swift in Sources */ = {isa = PBXBuildFile; fileRef = 7DB0707129C901AC0077929B /* SixtyModeViewController.swift */; };
		7DB0707629C9052D0077929B /* FreeRunViewController.swift in Sources */ = {isa = PBXBuildFile; fileRef = 7DB0707529C9052D0077929B /* FreeRunViewController.swift */; };
/* End PBXBuildFile section */

/* Begin PBXContainerItemProxy section */
		7DB0704C29C8ACBF0077929B /* PBXContainerItemProxy */ = {
			isa = PBXContainerItemProxy;
			containerPortal = 7DB0702D29C8ACBD0077929B /* Project object */;
			proxyType = 1;
			remoteGlobalIDString = 7DB0703429C8ACBD0077929B;
			remoteInfo = TypeFast;
		};
		7DB0705629C8ACBF0077929B /* PBXContainerItemProxy */ = {
			isa = PBXContainerItemProxy;
			containerPortal = 7DB0702D29C8ACBD0077929B /* Project object */;
			proxyType = 1;
			remoteGlobalIDString = 7DB0703429C8ACBD0077929B;
			remoteInfo = TypeFast;
		};
/* End PBXContainerItemProxy section */

/* Begin PBXFileReference section */
		7D070C1829CCB496004BD025 /* Counter.swift */ = {isa = PBXFileReference; lastKnownFileType = sourcecode.swift; path = Counter.swift; sourceTree = "<group>"; };
		7D070C2129CEEC38004BD025 /* WordModel.swift */ = {isa = PBXFileReference; lastKnownFileType = sourcecode.swift; path = WordModel.swift; sourceTree = "<group>"; };
		7D070C2629CEF0D1004BD025 /* wordsEasy.txt */ = {isa = PBXFileReference; fileEncoding = 4; lastKnownFileType = text; path = wordsEasy.txt; sourceTree = "<group>"; };
		7D070C2829CEF139004BD025 /* wordsHard.txt */ = {isa = PBXFileReference; fileEncoding = 4; lastKnownFileType = text; path = wordsHard.txt; sourceTree = "<group>"; };
		7D070C2929CEF139004BD025 /* wordsMedium.txt */ = {isa = PBXFileReference; fileEncoding = 4; lastKnownFileType = text; path = wordsMedium.txt; sourceTree = "<group>"; };
		7D070C2A29CEF139004BD025 /* wordsExpert.txt */ = {isa = PBXFileReference; fileEncoding = 4; lastKnownFileType = text; path = wordsExpert.txt; sourceTree = "<group>"; };
		7D070C2E29CEF578004BD025 /* Word.swift */ = {isa = PBXFileReference; lastKnownFileType = sourcecode.swift; path = Word.swift; sourceTree = "<group>"; };
		7D070C3029CEF5FE004BD025 /* FileHandler.swift */ = {isa = PBXFileReference; lastKnownFileType = sourcecode.swift; path = FileHandler.swift; sourceTree = "<group>"; };
		7D070C3229CF0F9C004BD025 /* Player.swift */ = {isa = PBXFileReference; lastKnownFileType = sourcecode.swift; path = Player.swift; sourceTree = "<group>"; };
		7D070C3629CF1FB5004BD025 /* CounterPopUpViewController.swift */ = {isa = PBXFileReference; lastKnownFileType = sourcecode.swift; path = CounterPopUpViewController.swift; sourceTree = "<group>"; };
		7D070C3829CF1FFC004BD025 /* EndOfGamePopUpViewController.swift */ = {isa = PBXFileReference; lastKnownFileType = sourcecode.swift; path = EndOfGamePopUpViewController.swift; sourceTree = "<group>"; };
		7D070C3C29CF3DFE004BD025 /* GameModeViewController.swift */ = {isa = PBXFileReference; lastKnownFileType = sourcecode.swift; path = GameModeViewController.swift; sourceTree = "<group>"; };
		7D070C4029CF4F03004BD025 /* UIViews.swift */ = {isa = PBXFileReference; lastKnownFileType = sourcecode.swift; path = UIViews.swift; sourceTree = "<group>"; };
		7D070C4829D03CD9004BD025 /* WordCell.swift */ = {isa = PBXFileReference; lastKnownFileType = sourcecode.swift; path = WordCell.swift; sourceTree = "<group>"; };
		7D21913929D04824007FEEA0 /* AppGlobal.swift */ = {isa = PBXFileReference; lastKnownFileType = sourcecode.swift; path = AppGlobal.swift; sourceTree = "<group>"; };
		7D21913B29D04FB8007FEEA0 /* GameModel.swift */ = {isa = PBXFileReference; lastKnownFileType = sourcecode.swift; path = GameModel.swift; sourceTree = "<group>"; };
		7D21914729D0B3AD007FEEA0 /* HighScoreViewController.swift */ = {isa = PBXFileReference; lastKnownFileType = sourcecode.swift; path = HighScoreViewController.swift; sourceTree = "<group>"; };
		7D21914929D1D6DC007FEEA0 /* HighScorePageController.swift */ = {isa = PBXFileReference; lastKnownFileType = sourcecode.swift; path = HighScorePageController.swift; sourceTree = "<group>"; };
		7D21914B29D1E5E9007FEEA0 /* HighScoreCell.swift */ = {isa = PBXFileReference; lastKnownFileType = sourcecode.swift; path = HighScoreCell.swift; sourceTree = "<group>"; };
		7D21914D29D20B12007FEEA0 /* SharedPreference.swift */ = {isa = PBXFileReference; lastKnownFileType = sourcecode.swift; path = SharedPreference.swift; sourceTree = "<group>"; };
		7D21914F29D215D7007FEEA0 /* HighScorePlayer.swift */ = {isa = PBXFileReference; lastKnownFileType = sourcecode.swift; path = HighScorePlayer.swift; sourceTree = "<group>"; };
		7D21915129D221A9007FEEA0 /* HighScoreModel.swift */ = {isa = PBXFileReference; lastKnownFileType = sourcecode.swift; path = HighScoreModel.swift; sourceTree = "<group>"; };
		7D21915329D48630007FEEA0 /* CircularProgressView.swift */ = {isa = PBXFileReference; lastKnownFileType = sourcecode.swift; path = CircularProgressView.swift; sourceTree = "<group>"; };
		7DB0703529C8ACBD0077929B /* TypeFast.app */ = {isa = PBXFileReference; explicitFileType = wrapper.application; includeInIndex = 0; path = TypeFast.app; sourceTree = BUILT_PRODUCTS_DIR; };
		7DB0703829C8ACBD0077929B /* AppDelegate.swift */ = {isa = PBXFileReference; lastKnownFileType = sourcecode.swift; path = AppDelegate.swift; sourceTree = "<group>"; };
		7DB0703A29C8ACBD0077929B /* SceneDelegate.swift */ = {isa = PBXFileReference; lastKnownFileType = sourcecode.swift; path = SceneDelegate.swift; sourceTree = "<group>"; };
		7DB0703F29C8ACBD0077929B /* Base */ = {isa = PBXFileReference; lastKnownFileType = file.storyboard; name = Base; path = Base.lproj/Main.storyboard; sourceTree = "<group>"; };
		7DB0704129C8ACBF0077929B /* Assets.xcassets */ = {isa = PBXFileReference; lastKnownFileType = folder.assetcatalog; path = Assets.xcassets; sourceTree = "<group>"; };
		7DB0704429C8ACBF0077929B /* Base */ = {isa = PBXFileReference; lastKnownFileType = file.storyboard; name = Base; path = Base.lproj/LaunchScreen.storyboard; sourceTree = "<group>"; };
		7DB0704629C8ACBF0077929B /* Info.plist */ = {isa = PBXFileReference; lastKnownFileType = text.plist.xml; path = Info.plist; sourceTree = "<group>"; };
		7DB0704B29C8ACBF0077929B /* TypeFastTests.xctest */ = {isa = PBXFileReference; explicitFileType = wrapper.cfbundle; includeInIndex = 0; path = TypeFastTests.xctest; sourceTree = BUILT_PRODUCTS_DIR; };
		7DB0704F29C8ACBF0077929B /* TypeFastTests.swift */ = {isa = PBXFileReference; lastKnownFileType = sourcecode.swift; path = TypeFastTests.swift; sourceTree = "<group>"; };
		7DB0705529C8ACBF0077929B /* TypeFastUITests.xctest */ = {isa = PBXFileReference; explicitFileType = wrapper.cfbundle; includeInIndex = 0; path = TypeFastUITests.xctest; sourceTree = BUILT_PRODUCTS_DIR; };
		7DB0705929C8ACBF0077929B /* TypeFastUITests.swift */ = {isa = PBXFileReference; lastKnownFileType = sourcecode.swift; path = TypeFastUITests.swift; sourceTree = "<group>"; };
		7DB0705B29C8ACBF0077929B /* TypeFastUITestsLaunchTests.swift */ = {isa = PBXFileReference; lastKnownFileType = sourcecode.swift; path = TypeFastUITestsLaunchTests.swift; sourceTree = "<group>"; };
		7DB0706A29C8AE4C0077929B /* LaunchScreenViewController.swift */ = {isa = PBXFileReference; lastKnownFileType = sourcecode.swift; path = LaunchScreenViewController.swift; sourceTree = "<group>"; };
		7DB0707129C901AC0077929B /* SixtyModeViewController.swift */ = {isa = PBXFileReference; lastKnownFileType = sourcecode.swift; path = SixtyModeViewController.swift; sourceTree = "<group>"; };
		7DB0707529C9052D0077929B /* FreeRunViewController.swift */ = {isa = PBXFileReference; lastKnownFileType = sourcecode.swift; path = FreeRunViewController.swift; sourceTree = "<group>"; };
/* End PBXFileReference section */

/* Begin PBXFrameworksBuildPhase section */
		7DB0703229C8ACBD0077929B /* Frameworks */ = {
			isa = PBXFrameworksBuildPhase;
			buildActionMask = 2147483647;
			files = (
			);
			runOnlyForDeploymentPostprocessing = 0;
		};
		7DB0704829C8ACBF0077929B /* Frameworks */ = {
			isa = PBXFrameworksBuildPhase;
			buildActionMask = 2147483647;
			files = (
			);
			runOnlyForDeploymentPostprocessing = 0;
		};
		7DB0705229C8ACBF0077929B /* Frameworks */ = {
			isa = PBXFrameworksBuildPhase;
			buildActionMask = 2147483647;
			files = (
			);
			runOnlyForDeploymentPostprocessing = 0;
		};
/* End PBXFrameworksBuildPhase section */

/* Begin PBXGroup section */
		7D070C1729CCB473004BD025 /* Classes */ = {
			isa = PBXGroup;
			children = (
				7D070C1829CCB496004BD025 /* Counter.swift */,
				7D070C2129CEEC38004BD025 /* WordModel.swift */,
				7D070C3029CEF5FE004BD025 /* FileHandler.swift */,
				7D070C3229CF0F9C004BD025 /* Player.swift */,
				7D21913B29D04FB8007FEEA0 /* GameModel.swift */,
				7D21914D29D20B12007FEEA0 /* SharedPreference.swift */,
				7D21914F29D215D7007FEEA0 /* HighScorePlayer.swift */,
				7D21915129D221A9007FEEA0 /* HighScoreModel.swift */,
			);
			path = Classes;
			sourceTree = "<group>";
		};
		7D070C1E29CEE593004BD025 /* Struct */ = {
			isa = PBXGroup;
			children = (
				7D070C2E29CEF578004BD025 /* Word.swift */,
			);
			path = Struct;
			sourceTree = "<group>";
		};
		7D070C2529CEF092004BD025 /* Files */ = {
			isa = PBXGroup;
			children = (
				7D070C2A29CEF139004BD025 /* wordsExpert.txt */,
				7D070C2829CEF139004BD025 /* wordsHard.txt */,
				7D070C2929CEF139004BD025 /* wordsMedium.txt */,
				7D070C2629CEF0D1004BD025 /* wordsEasy.txt */,
			);
			path = Files;
			sourceTree = "<group>";
		};
		7D21913829D04810007FEEA0 /* Global */ = {
			isa = PBXGroup;
			children = (
				7D21913929D04824007FEEA0 /* AppGlobal.swift */,
			);
			path = Global;
			sourceTree = "<group>";
		};
		7DB0702C29C8ACBD0077929B = {
			isa = PBXGroup;
			children = (
				7D070C2529CEF092004BD025 /* Files */,
				7DB0703729C8ACBD0077929B /* TypeFast */,
				7DB0704E29C8ACBF0077929B /* TypeFastTests */,
				7DB0705829C8ACBF0077929B /* TypeFastUITests */,
				7DB0703629C8ACBD0077929B /* Products */,
			);
			sourceTree = "<group>";
		};
		7DB0703629C8ACBD0077929B /* Products */ = {
			isa = PBXGroup;
			children = (
				7DB0703529C8ACBD0077929B /* TypeFast.app */,
				7DB0704B29C8ACBF0077929B /* TypeFastTests.xctest */,
				7DB0705529C8ACBF0077929B /* TypeFastUITests.xctest */,
			);
			name = Products;
			sourceTree = "<group>";
		};
		7DB0703729C8ACBD0077929B /* TypeFast */ = {
			isa = PBXGroup;
			children = (
				7D21913829D04810007FEEA0 /* Global */,
				7D070C1E29CEE593004BD025 /* Struct */,
				7D070C1729CCB473004BD025 /* Classes */,
				7DB0707E29CA19410077929B /* View */,
				7DB0707729CA05B60077929B /* Extension */,
				7DB0704129C8ACBF0077929B /* Assets.xcassets */,
				7DB0704629C8ACBF0077929B /* Info.plist */,
				7DB0706C29C8AEAB0077929B /* Delegate */,
				7DB0706929C8ADF60077929B /* Storyboard */,
				7DB0706829C8AD7D0077929B /* ViewController */,
			);
			path = TypeFast;
			sourceTree = "<group>";
		};
		7DB0704E29C8ACBF0077929B /* TypeFastTests */ = {
			isa = PBXGroup;
			children = (
				7DB0704F29C8ACBF0077929B /* TypeFastTests.swift */,
			);
			path = TypeFastTests;
			sourceTree = "<group>";
		};
		7DB0705829C8ACBF0077929B /* TypeFastUITests */ = {
			isa = PBXGroup;
			children = (
				7DB0705929C8ACBF0077929B /* TypeFastUITests.swift */,
				7DB0705B29C8ACBF0077929B /* TypeFastUITestsLaunchTests.swift */,
			);
			path = TypeFastUITests;
			sourceTree = "<group>";
		};
		7DB0706829C8AD7D0077929B /* ViewController */ = {
			isa = PBXGroup;
			children = (
				7DB0706A29C8AE4C0077929B /* LaunchScreenViewController.swift */,
				7DB0707129C901AC0077929B /* SixtyModeViewController.swift */,
				7DB0707529C9052D0077929B /* FreeRunViewController.swift */,
				7D070C3629CF1FB5004BD025 /* CounterPopUpViewController.swift */,
				7D070C3829CF1FFC004BD025 /* EndOfGamePopUpViewController.swift */,
				7D070C3C29CF3DFE004BD025 /* GameModeViewController.swift */,
				7D21914729D0B3AD007FEEA0 /* HighScoreViewController.swift */,
				7D21914929D1D6DC007FEEA0 /* HighScorePageController.swift */,
			);
			path = ViewController;
			sourceTree = "<group>";
		};
		7DB0706929C8ADF60077929B /* Storyboard */ = {
			isa = PBXGroup;
			children = (
				7DB0704329C8ACBF0077929B /* LaunchScreen.storyboard */,
				7DB0703E29C8ACBD0077929B /* Main.storyboard */,
			);
			path = Storyboard;
			sourceTree = "<group>";
		};
		7DB0706C29C8AEAB0077929B /* Delegate */ = {
			isa = PBXGroup;
			children = (
				7DB0703A29C8ACBD0077929B /* SceneDelegate.swift */,
				7DB0703829C8ACBD0077929B /* AppDelegate.swift */,
			);
			path = Delegate;
			sourceTree = "<group>";
		};
		7DB0707729CA05B60077929B /* Extension */ = {
			isa = PBXGroup;
			children = (
				7D070C4029CF4F03004BD025 /* UIViews.swift */,
			);
			path = Extension;
			sourceTree = "<group>";
		};
		7DB0707E29CA19410077929B /* View */ = {
			isa = PBXGroup;
			children = (
				7D070C4829D03CD9004BD025 /* WordCell.swift */,
				7D21914B29D1E5E9007FEEA0 /* HighScoreCell.swift */,
				7D21915329D48630007FEEA0 /* CircularProgressView.swift */,
			);
			path = View;
			sourceTree = "<group>";
		};
/* End PBXGroup section */

/* Begin PBXNativeTarget section */
		7DB0703429C8ACBD0077929B /* TypeFast */ = {
			isa = PBXNativeTarget;
			buildConfigurationList = 7DB0705F29C8ACBF0077929B /* Build configuration list for PBXNativeTarget "TypeFast" */;
			buildPhases = (
				7DB0703129C8ACBD0077929B /* Sources */,
				7DB0703229C8ACBD0077929B /* Frameworks */,
				7DB0703329C8ACBD0077929B /* Resources */,
			);
			buildRules = (
			);
			dependencies = (
			);
			name = TypeFast;
			productName = TypeFast;
			productReference = 7DB0703529C8ACBD0077929B /* TypeFast.app */;
			productType = "com.apple.product-type.application";
		};
		7DB0704A29C8ACBF0077929B /* TypeFastTests */ = {
			isa = PBXNativeTarget;
			buildConfigurationList = 7DB0706229C8ACBF0077929B /* Build configuration list for PBXNativeTarget "TypeFastTests" */;
			buildPhases = (
				7DB0704729C8ACBF0077929B /* Sources */,
				7DB0704829C8ACBF0077929B /* Frameworks */,
				7DB0704929C8ACBF0077929B /* Resources */,
			);
			buildRules = (
			);
			dependencies = (
				7DB0704D29C8ACBF0077929B /* PBXTargetDependency */,
			);
			name = TypeFastTests;
			productName = TypeFastTests;
			productReference = 7DB0704B29C8ACBF0077929B /* TypeFastTests.xctest */;
			productType = "com.apple.product-type.bundle.unit-test";
		};
		7DB0705429C8ACBF0077929B /* TypeFastUITests */ = {
			isa = PBXNativeTarget;
			buildConfigurationList = 7DB0706529C8ACBF0077929B /* Build configuration list for PBXNativeTarget "TypeFastUITests" */;
			buildPhases = (
				7DB0705129C8ACBF0077929B /* Sources */,
				7DB0705229C8ACBF0077929B /* Frameworks */,
				7DB0705329C8ACBF0077929B /* Resources */,
			);
			buildRules = (
			);
			dependencies = (
				7DB0705729C8ACBF0077929B /* PBXTargetDependency */,
			);
			name = TypeFastUITests;
			productName = TypeFastUITests;
			productReference = 7DB0705529C8ACBF0077929B /* TypeFastUITests.xctest */;
			productType = "com.apple.product-type.bundle.ui-testing";
		};
/* End PBXNativeTarget section */

/* Begin PBXProject section */
		7DB0702D29C8ACBD0077929B /* Project object */ = {
			isa = PBXProject;
			attributes = {
				BuildIndependentTargetsInParallel = 1;
				LastSwiftUpdateCheck = 1420;
				LastUpgradeCheck = 1420;
				TargetAttributes = {
					7DB0703429C8ACBD0077929B = {
						CreatedOnToolsVersion = 14.2;
					};
					7DB0704A29C8ACBF0077929B = {
						CreatedOnToolsVersion = 14.2;
						TestTargetID = 7DB0703429C8ACBD0077929B;
					};
					7DB0705429C8ACBF0077929B = {
						CreatedOnToolsVersion = 14.2;
						TestTargetID = 7DB0703429C8ACBD0077929B;
					};
				};
			};
			buildConfigurationList = 7DB0703029C8ACBD0077929B /* Build configuration list for PBXProject "TypeFast" */;
			compatibilityVersion = "Xcode 14.0";
			developmentRegion = en;
			hasScannedForEncodings = 0;
			knownRegions = (
				en,
				Base,
			);
			mainGroup = 7DB0702C29C8ACBD0077929B;
			productRefGroup = 7DB0703629C8ACBD0077929B /* Products */;
			projectDirPath = "";
			projectRoot = "";
			targets = (
				7DB0703429C8ACBD0077929B /* TypeFast */,
				7DB0704A29C8ACBF0077929B /* TypeFastTests */,
				7DB0705429C8ACBF0077929B /* TypeFastUITests */,
			);
		};
/* End PBXProject section */

/* Begin PBXResourcesBuildPhase section */
		7DB0703329C8ACBD0077929B /* Resources */ = {
			isa = PBXResourcesBuildPhase;
			buildActionMask = 2147483647;
			files = (
				7D070C2729CEF0D1004BD025 /* wordsEasy.txt in Resources */,
				7D070C2C29CEF139004BD025 /* wordsMedium.txt in Resources */,
				7DB0704529C8ACBF0077929B /* LaunchScreen.storyboard in Resources */,
				7D070C2D29CEF139004BD025 /* wordsExpert.txt in Resources */,
				7DB0704229C8ACBF0077929B /* Assets.xcassets in Resources */,
				7D070C2B29CEF139004BD025 /* wordsHard.txt in Resources */,
				7DB0704029C8ACBD0077929B /* Main.storyboard in Resources */,
			);
			runOnlyForDeploymentPostprocessing = 0;
		};
		7DB0704929C8ACBF0077929B /* Resources */ = {
			isa = PBXResourcesBuildPhase;
			buildActionMask = 2147483647;
			files = (
			);
			runOnlyForDeploymentPostprocessing = 0;
		};
		7DB0705329C8ACBF0077929B /* Resources */ = {
			isa = PBXResourcesBuildPhase;
			buildActionMask = 2147483647;
			files = (
			);
			runOnlyForDeploymentPostprocessing = 0;
		};
/* End PBXResourcesBuildPhase section */

/* Begin PBXSourcesBuildPhase section */
		7DB0703129C8ACBD0077929B /* Sources */ = {
			isa = PBXSourcesBuildPhase;
			buildActionMask = 2147483647;
			files = (
				7D070C2F29CEF578004BD025 /* Word.swift in Sources */,
				7D070C3729CF1FB5004BD025 /* CounterPopUpViewController.swift in Sources */,
				7D21914C29D1E5E9007FEEA0 /* HighScoreCell.swift in Sources */,
				7D21915029D215D7007FEEA0 /* HighScorePlayer.swift in Sources */,
				7D070C1929CCB496004BD025 /* Counter.swift in Sources */,
				7DB0703929C8ACBD0077929B /* AppDelegate.swift in Sources */,
				7DB0707229C901AC0077929B /* SixtyModeViewController.swift in Sources */,
				7DB0707629C9052D0077929B /* FreeRunViewController.swift in Sources */,
				7D070C3D29CF3DFE004BD025 /* GameModeViewController.swift in Sources */,
				7D21914E29D20B12007FEEA0 /* SharedPreference.swift in Sources */,
				7D21915429D48630007FEEA0 /* CircularProgressView.swift in Sources */,
				7D070C3929CF1FFC004BD025 /* EndOfGamePopUpViewController.swift in Sources */,
				7D070C3129CEF5FE004BD025 /* FileHandler.swift in Sources */,
				7D21914A29D1D6DC007FEEA0 /* HighScorePageController.swift in Sources */,
				7D21914829D0B3AD007FEEA0 /* HighScoreViewController.swift in Sources */,
				7D070C2229CEEC38004BD025 /* WordModel.swift in Sources */,
				7D21915229D221A9007FEEA0 /* HighScoreModel.swift in Sources */,
				7D070C4929D03CD9004BD025 /* WordCell.swift in Sources */,
				7D21913A29D04824007FEEA0 /* AppGlobal.swift in Sources */,
				7DB0706B29C8AE4C0077929B /* LaunchScreenViewController.swift in Sources */,
				7D070C3329CF0F9C004BD025 /* Player.swift in Sources */,
				7D070C4129CF4F03004BD025 /* UIViews.swift in Sources */,
				7DB0703B29C8ACBD0077929B /* SceneDelegate.swift in Sources */,
				7D21913C29D04FB8007FEEA0 /* GameModel.swift in Sources */,
			);
			runOnlyForDeploymentPostprocessing = 0;
		};
		7DB0704729C8ACBF0077929B /* Sources */ = {
			isa = PBXSourcesBuildPhase;
			buildActionMask = 2147483647;
			files = (
				7DB0705029C8ACBF0077929B /* TypeFastTests.swift in Sources */,
			);
			runOnlyForDeploymentPostprocessing = 0;
		};
		7DB0705129C8ACBF0077929B /* Sources */ = {
			isa = PBXSourcesBuildPhase;
			buildActionMask = 2147483647;
			files = (
				7DB0705C29C8ACBF0077929B /* TypeFastUITestsLaunchTests.swift in Sources */,
				7DB0705A29C8ACBF0077929B /* TypeFastUITests.swift in Sources */,
			);
			runOnlyForDeploymentPostprocessing = 0;
		};
/* End PBXSourcesBuildPhase section */

/* Begin PBXTargetDependency section */
		7DB0704D29C8ACBF0077929B /* PBXTargetDependency */ = {
			isa = PBXTargetDependency;
			target = 7DB0703429C8ACBD0077929B /* TypeFast */;
			targetProxy = 7DB0704C29C8ACBF0077929B /* PBXContainerItemProxy */;
		};
		7DB0705729C8ACBF0077929B /* PBXTargetDependency */ = {
			isa = PBXTargetDependency;
			target = 7DB0703429C8ACBD0077929B /* TypeFast */;
			targetProxy = 7DB0705629C8ACBF0077929B /* PBXContainerItemProxy */;
		};
/* End PBXTargetDependency section */

/* Begin PBXVariantGroup section */
		7DB0703E29C8ACBD0077929B /* Main.storyboard */ = {
			isa = PBXVariantGroup;
			children = (
				7DB0703F29C8ACBD0077929B /* Base */,
			);
			name = Main.storyboard;
			sourceTree = "<group>";
		};
		7DB0704329C8ACBF0077929B /* LaunchScreen.storyboard */ = {
			isa = PBXVariantGroup;
			children = (
				7DB0704429C8ACBF0077929B /* Base */,
			);
			name = LaunchScreen.storyboard;
			sourceTree = "<group>";
		};
/* End PBXVariantGroup section */

/* Begin XCBuildConfiguration section */
		7DB0705D29C8ACBF0077929B /* Debug */ = {
			isa = XCBuildConfiguration;
			buildSettings = {
				ALWAYS_SEARCH_USER_PATHS = NO;
				CLANG_ANALYZER_NONNULL = YES;
				CLANG_ANALYZER_NUMBER_OBJECT_CONVERSION = YES_AGGRESSIVE;
				CLANG_CXX_LANGUAGE_STANDARD = "gnu++20";
				CLANG_ENABLE_MODULES = YES;
				CLANG_ENABLE_OBJC_ARC = YES;
				CLANG_ENABLE_OBJC_WEAK = YES;
				CLANG_WARN_BLOCK_CAPTURE_AUTORELEASING = YES;
				CLANG_WARN_BOOL_CONVERSION = YES;
				CLANG_WARN_COMMA = YES;
				CLANG_WARN_CONSTANT_CONVERSION = YES;
				CLANG_WARN_DEPRECATED_OBJC_IMPLEMENTATIONS = YES;
				CLANG_WARN_DIRECT_OBJC_ISA_USAGE = YES_ERROR;
				CLANG_WARN_DOCUMENTATION_COMMENTS = YES;
				CLANG_WARN_EMPTY_BODY = YES;
				CLANG_WARN_ENUM_CONVERSION = YES;
				CLANG_WARN_INFINITE_RECURSION = YES;
				CLANG_WARN_INT_CONVERSION = YES;
				CLANG_WARN_NON_LITERAL_NULL_CONVERSION = YES;
				CLANG_WARN_OBJC_IMPLICIT_RETAIN_SELF = YES;
				CLANG_WARN_OBJC_LITERAL_CONVERSION = YES;
				CLANG_WARN_OBJC_ROOT_CLASS = YES_ERROR;
				CLANG_WARN_QUOTED_INCLUDE_IN_FRAMEWORK_HEADER = YES;
				CLANG_WARN_RANGE_LOOP_ANALYSIS = YES;
				CLANG_WARN_STRICT_PROTOTYPES = YES;
				CLANG_WARN_SUSPICIOUS_MOVE = YES;
				CLANG_WARN_UNGUARDED_AVAILABILITY = YES_AGGRESSIVE;
				CLANG_WARN_UNREACHABLE_CODE = YES;
				CLANG_WARN__DUPLICATE_METHOD_MATCH = YES;
				COPY_PHASE_STRIP = NO;
				DEBUG_INFORMATION_FORMAT = dwarf;
				ENABLE_STRICT_OBJC_MSGSEND = YES;
				ENABLE_TESTABILITY = YES;
				GCC_C_LANGUAGE_STANDARD = gnu11;
				GCC_DYNAMIC_NO_PIC = NO;
				GCC_NO_COMMON_BLOCKS = YES;
				GCC_OPTIMIZATION_LEVEL = 0;
				GCC_PREPROCESSOR_DEFINITIONS = (
					"DEBUG=1",
					"$(inherited)",
				);
				GCC_WARN_64_TO_32_BIT_CONVERSION = YES;
				GCC_WARN_ABOUT_RETURN_TYPE = YES_ERROR;
				GCC_WARN_UNDECLARED_SELECTOR = YES;
				GCC_WARN_UNINITIALIZED_AUTOS = YES_AGGRESSIVE;
				GCC_WARN_UNUSED_FUNCTION = YES;
				GCC_WARN_UNUSED_VARIABLE = YES;
				IPHONEOS_DEPLOYMENT_TARGET = 16.2;
				MTL_ENABLE_DEBUG_INFO = INCLUDE_SOURCE;
				MTL_FAST_MATH = YES;
				ONLY_ACTIVE_ARCH = YES;
				SDKROOT = iphoneos;
				SWIFT_ACTIVE_COMPILATION_CONDITIONS = DEBUG;
				SWIFT_OPTIMIZATION_LEVEL = "-Onone";
			};
			name = Debug;
		};
		7DB0705E29C8ACBF0077929B /* Release */ = {
			isa = XCBuildConfiguration;
			buildSettings = {
				ALWAYS_SEARCH_USER_PATHS = NO;
				CLANG_ANALYZER_NONNULL = YES;
				CLANG_ANALYZER_NUMBER_OBJECT_CONVERSION = YES_AGGRESSIVE;
				CLANG_CXX_LANGUAGE_STANDARD = "gnu++20";
				CLANG_ENABLE_MODULES = YES;
				CLANG_ENABLE_OBJC_ARC = YES;
				CLANG_ENABLE_OBJC_WEAK = YES;
				CLANG_WARN_BLOCK_CAPTURE_AUTORELEASING = YES;
				CLANG_WARN_BOOL_CONVERSION = YES;
				CLANG_WARN_COMMA = YES;
				CLANG_WARN_CONSTANT_CONVERSION = YES;
				CLANG_WARN_DEPRECATED_OBJC_IMPLEMENTATIONS = YES;
				CLANG_WARN_DIRECT_OBJC_ISA_USAGE = YES_ERROR;
				CLANG_WARN_DOCUMENTATION_COMMENTS = YES;
				CLANG_WARN_EMPTY_BODY = YES;
				CLANG_WARN_ENUM_CONVERSION = YES;
				CLANG_WARN_INFINITE_RECURSION = YES;
				CLANG_WARN_INT_CONVERSION = YES;
				CLANG_WARN_NON_LITERAL_NULL_CONVERSION = YES;
				CLANG_WARN_OBJC_IMPLICIT_RETAIN_SELF = YES;
				CLANG_WARN_OBJC_LITERAL_CONVERSION = YES;
				CLANG_WARN_OBJC_ROOT_CLASS = YES_ERROR;
				CLANG_WARN_QUOTED_INCLUDE_IN_FRAMEWORK_HEADER = YES;
				CLANG_WARN_RANGE_LOOP_ANALYSIS = YES;
				CLANG_WARN_STRICT_PROTOTYPES = YES;
				CLANG_WARN_SUSPICIOUS_MOVE = YES;
				CLANG_WARN_UNGUARDED_AVAILABILITY = YES_AGGRESSIVE;
				CLANG_WARN_UNREACHABLE_CODE = YES;
				CLANG_WARN__DUPLICATE_METHOD_MATCH = YES;
				COPY_PHASE_STRIP = NO;
				DEBUG_INFORMATION_FORMAT = "dwarf-with-dsym";
				ENABLE_NS_ASSERTIONS = NO;
				ENABLE_STRICT_OBJC_MSGSEND = YES;
				GCC_C_LANGUAGE_STANDARD = gnu11;
				GCC_NO_COMMON_BLOCKS = YES;
				GCC_WARN_64_TO_32_BIT_CONVERSION = YES;
				GCC_WARN_ABOUT_RETURN_TYPE = YES_ERROR;
				GCC_WARN_UNDECLARED_SELECTOR = YES;
				GCC_WARN_UNINITIALIZED_AUTOS = YES_AGGRESSIVE;
				GCC_WARN_UNUSED_FUNCTION = YES;
				GCC_WARN_UNUSED_VARIABLE = YES;
				IPHONEOS_DEPLOYMENT_TARGET = 16.2;
				MTL_ENABLE_DEBUG_INFO = NO;
				MTL_FAST_MATH = YES;
				SDKROOT = iphoneos;
				SWIFT_COMPILATION_MODE = wholemodule;
				SWIFT_OPTIMIZATION_LEVEL = "-O";
				VALIDATE_PRODUCT = YES;
			};
			name = Release;
		};
		7DB0706029C8ACBF0077929B /* Debug */ = {
			isa = XCBuildConfiguration;
			buildSettings = {
				ASSETCATALOG_COMPILER_APPICON_NAME = AppIcon;
				ASSETCATALOG_COMPILER_GLOBAL_ACCENT_COLOR_NAME = AccentColor;
				CODE_SIGN_STYLE = Automatic;
				CURRENT_PROJECT_VERSION = 1;
				DEVELOPMENT_TEAM = 46XS2RD832;
				GENERATE_INFOPLIST_FILE = YES;
				INFOPLIST_FILE = TypeFast/Info.plist;
				INFOPLIST_KEY_UIApplicationSupportsIndirectInputEvents = YES;
				INFOPLIST_KEY_UILaunchStoryboardName = LaunchScreen;
				INFOPLIST_KEY_UIMainStoryboardFile = Main;
				INFOPLIST_KEY_UISupportedInterfaceOrientations_iPad = "UIInterfaceOrientationPortrait UIInterfaceOrientationPortraitUpsideDown UIInterfaceOrientationLandscapeLeft UIInterfaceOrientationLandscapeRight";
				INFOPLIST_KEY_UISupportedInterfaceOrientations_iPhone = "UIInterfaceOrientationPortrait UIInterfaceOrientationLandscapeLeft UIInterfaceOrientationLandscapeRight";
				LD_RUNPATH_SEARCH_PATHS = (
					"$(inherited)",
					"@executable_path/Frameworks",
				);
				MARKETING_VERSION = 1.0;
				PRODUCT_BUNDLE_IDENTIFIER = com.sumpen99.TypeFast;
				PRODUCT_NAME = "$(TARGET_NAME)";
				SWIFT_EMIT_LOC_STRINGS = YES;
				SWIFT_VERSION = 5.0;
				TARGETED_DEVICE_FAMILY = "1,2";
			};
			name = Debug;
		};
		7DB0706129C8ACBF0077929B /* Release */ = {
			isa = XCBuildConfiguration;
			buildSettings = {
				ASSETCATALOG_COMPILER_APPICON_NAME = AppIcon;
				ASSETCATALOG_COMPILER_GLOBAL_ACCENT_COLOR_NAME = AccentColor;
				CODE_SIGN_STYLE = Automatic;
				CURRENT_PROJECT_VERSION = 1;
				DEVELOPMENT_TEAM = 46XS2RD832;
				GENERATE_INFOPLIST_FILE = YES;
				INFOPLIST_FILE = TypeFast/Info.plist;
				INFOPLIST_KEY_UIApplicationSupportsIndirectInputEvents = YES;
				INFOPLIST_KEY_UILaunchStoryboardName = LaunchScreen;
				INFOPLIST_KEY_UIMainStoryboardFile = Main;
				INFOPLIST_KEY_UISupportedInterfaceOrientations_iPad = "UIInterfaceOrientationPortrait UIInterfaceOrientationPortraitUpsideDown UIInterfaceOrientationLandscapeLeft UIInterfaceOrientationLandscapeRight";
				INFOPLIST_KEY_UISupportedInterfaceOrientations_iPhone = "UIInterfaceOrientationPortrait UIInterfaceOrientationLandscapeLeft UIInterfaceOrientationLandscapeRight";
				LD_RUNPATH_SEARCH_PATHS = (
					"$(inherited)",
					"@executable_path/Frameworks",
				);
				MARKETING_VERSION = 1.0;
				PRODUCT_BUNDLE_IDENTIFIER = com.sumpen99.TypeFast;
				PRODUCT_NAME = "$(TARGET_NAME)";
				SWIFT_EMIT_LOC_STRINGS = YES;
				SWIFT_VERSION = 5.0;
				TARGETED_DEVICE_FAMILY = "1,2";
			};
			name = Release;
		};
		7DB0706329C8ACBF0077929B /* Debug */ = {
			isa = XCBuildConfiguration;
			buildSettings = {
				ALWAYS_EMBED_SWIFT_STANDARD_LIBRARIES = YES;
				BUNDLE_LOADER = "$(TEST_HOST)";
				CODE_SIGN_STYLE = Automatic;
				CURRENT_PROJECT_VERSION = 1;
				DEVELOPMENT_TEAM = 46XS2RD832;
				GENERATE_INFOPLIST_FILE = YES;
				IPHONEOS_DEPLOYMENT_TARGET = 16.2;
				MARKETING_VERSION = 1.0;
				PRODUCT_BUNDLE_IDENTIFIER = com.sumpen99.TypeFastTests;
				PRODUCT_NAME = "$(TARGET_NAME)";
				SWIFT_EMIT_LOC_STRINGS = NO;
				SWIFT_VERSION = 5.0;
				TARGETED_DEVICE_FAMILY = "1,2";
				TEST_HOST = "$(BUILT_PRODUCTS_DIR)/TypeFast.app/$(BUNDLE_EXECUTABLE_FOLDER_PATH)/TypeFast";
			};
			name = Debug;
		};
		7DB0706429C8ACBF0077929B /* Release */ = {
			isa = XCBuildConfiguration;
			buildSettings = {
				ALWAYS_EMBED_SWIFT_STANDARD_LIBRARIES = YES;
				BUNDLE_LOADER = "$(TEST_HOST)";
				CODE_SIGN_STYLE = Automatic;
				CURRENT_PROJECT_VERSION = 1;
				DEVELOPMENT_TEAM = 46XS2RD832;
				GENERATE_INFOPLIST_FILE = YES;
				IPHONEOS_DEPLOYMENT_TARGET = 16.2;
				MARKETING_VERSION = 1.0;
				PRODUCT_BUNDLE_IDENTIFIER = com.sumpen99.TypeFastTests;
				PRODUCT_NAME = "$(TARGET_NAME)";
				SWIFT_EMIT_LOC_STRINGS = NO;
				SWIFT_VERSION = 5.0;
				TARGETED_DEVICE_FAMILY = "1,2";
				TEST_HOST = "$(BUILT_PRODUCTS_DIR)/TypeFast.app/$(BUNDLE_EXECUTABLE_FOLDER_PATH)/TypeFast";
			};
			name = Release;
		};
		7DB0706629C8ACBF0077929B /* Debug */ = {
			isa = XCBuildConfiguration;
			buildSettings = {
				ALWAYS_EMBED_SWIFT_STANDARD_LIBRARIES = YES;
				CODE_SIGN_STYLE = Automatic;
				CURRENT_PROJECT_VERSION = 1;
				DEVELOPMENT_TEAM = 46XS2RD832;
				GENERATE_INFOPLIST_FILE = YES;
				MARKETING_VERSION = 1.0;
				PRODUCT_BUNDLE_IDENTIFIER = com.sumpen99.TypeFastUITests;
				PRODUCT_NAME = "$(TARGET_NAME)";
				SWIFT_EMIT_LOC_STRINGS = NO;
				SWIFT_VERSION = 5.0;
				TARGETED_DEVICE_FAMILY = "1,2";
				TEST_TARGET_NAME = TypeFast;
			};
			name = Debug;
		};
		7DB0706729C8ACBF0077929B /* Release */ = {
			isa = XCBuildConfiguration;
			buildSettings = {
				ALWAYS_EMBED_SWIFT_STANDARD_LIBRARIES = YES;
				CODE_SIGN_STYLE = Automatic;
				CURRENT_PROJECT_VERSION = 1;
				DEVELOPMENT_TEAM = 46XS2RD832;
				GENERATE_INFOPLIST_FILE = YES;
				MARKETING_VERSION = 1.0;
				PRODUCT_BUNDLE_IDENTIFIER = com.sumpen99.TypeFastUITests;
				PRODUCT_NAME = "$(TARGET_NAME)";
				SWIFT_EMIT_LOC_STRINGS = NO;
				SWIFT_VERSION = 5.0;
				TARGETED_DEVICE_FAMILY = "1,2";
				TEST_TARGET_NAME = TypeFast;
			};
			name = Release;
		};
/* End XCBuildConfiguration section */

/* Begin XCConfigurationList section */
		7DB0703029C8ACBD0077929B /* Build configuration list for PBXProject "TypeFast" */ = {
			isa = XCConfigurationList;
			buildConfigurations = (
				7DB0705D29C8ACBF0077929B /* Debug */,
				7DB0705E29C8ACBF0077929B /* Release */,
			);
			defaultConfigurationIsVisible = 0;
			defaultConfigurationName = Release;
		};
		7DB0705F29C8ACBF0077929B /* Build configuration list for PBXNativeTarget "TypeFast" */ = {
			isa = XCConfigurationList;
			buildConfigurations = (
				7DB0706029C8ACBF0077929B /* Debug */,
				7DB0706129C8ACBF0077929B /* Release */,
			);
			defaultConfigurationIsVisible = 0;
			defaultConfigurationName = Release;
		};
		7DB0706229C8ACBF0077929B /* Build configuration list for PBXNativeTarget "TypeFastTests" */ = {
			isa = XCConfigurationList;
			buildConfigurations = (
				7DB0706329C8ACBF0077929B /* Debug */,
				7DB0706429C8ACBF0077929B /* Release */,
			);
			defaultConfigurationIsVisible = 0;
			defaultConfigurationName = Release;
		};
		7DB0706529C8ACBF0077929B /* Build configuration list for PBXNativeTarget "TypeFastUITests" */ = {
			isa = XCConfigurationList;
			buildConfigurations = (
				7DB0706629C8ACBF0077929B /* Debug */,
				7DB0706729C8ACBF0077929B /* Release */,
			);
			defaultConfigurationIsVisible = 0;
			defaultConfigurationName = Release;
		};
/* End XCConfigurationList section */
	};
	rootObject = 7DB0702D29C8ACBD0077929B /* Project object */;
}
